// !$*UTF8*$!
{
	archiveVersion = 1;
	classes = {
	};
	objectVersion = 56;
	objects = {

/* Begin PBXBuildFile section */
		2B5060282AB7135E00E89C7A /* SocketIO in Frameworks */ = {isa = PBXBuildFile; productRef = 2B5060272AB7135E00E89C7A /* SocketIO */; };
		2B50602A2AB7153900E89C7A /* socketClass.swift in Sources */ = {isa = PBXBuildFile; fileRef = 2B5060292AB7153900E89C7A /* socketClass.swift */; };
		2B50602D2AB720F200E89C7A /* WebSocketKit in Frameworks */ = {isa = PBXBuildFile; productRef = 2B50602C2AB720F200E89C7A /* WebSocketKit */; };
		2B965B8A2ABA7AAA00CF09AD /* FriendListView.swift in Sources */ = {isa = PBXBuildFile; fileRef = 2B965B892ABA7AAA00CF09AD /* FriendListView.swift */; };
		2B965B8C2ABA7B3D00CF09AD /* User.swift in Sources */ = {isa = PBXBuildFile; fileRef = 2B965B8B2ABA7B3D00CF09AD /* User.swift */; };
		2B965B8E2ABAAD8700CF09AD /* FriendModel.swift in Sources */ = {isa = PBXBuildFile; fileRef = 2B965B8D2ABAAD8700CF09AD /* FriendModel.swift */; };
		2B965B902ABAAEDD00CF09AD /* UserFriend.swift in Sources */ = {isa = PBXBuildFile; fileRef = 2B965B8F2ABAAEDD00CF09AD /* UserFriend.swift */; };
		2B965B922ABB1C1F00CF09AD /* FriendResponseDTO.swift in Sources */ = {isa = PBXBuildFile; fileRef = 2B965B912ABB1C1F00CF09AD /* FriendResponseDTO.swift */; };
		2B965B942ABB324C00CF09AD /* FriendListMain.swift in Sources */ = {isa = PBXBuildFile; fileRef = 2B965B932ABB324C00CF09AD /* FriendListMain.swift */; };
		2B965B982ABC1CA000CF09AD /* ChatModel.swift in Sources */ = {isa = PBXBuildFile; fileRef = 2B965B972ABC1CA000CF09AD /* ChatModel.swift */; };
		2B965B9A2ABC212B00CF09AD /* BackButton.swift in Sources */ = {isa = PBXBuildFile; fileRef = 2B965B992ABC212B00CF09AD /* BackButton.swift */; };
		2B965B9C2ABC250A00CF09AD /* FreindListChat.swift in Sources */ = {isa = PBXBuildFile; fileRef = 2B965B9B2ABC250A00CF09AD /* FreindListChat.swift */; };
		2BAA8D3F2AB2B255003CCE25 /* InquiryView.swift in Sources */ = {isa = PBXBuildFile; fileRef = 2BAA8D3E2AB2B255003CCE25 /* InquiryView.swift */; };
		2BAA8D432AB40F7E003CCE25 /* ChatResponseDTO.swift in Sources */ = {isa = PBXBuildFile; fileRef = 2BAA8D422AB40F7E003CCE25 /* ChatResponseDTO.swift */; };
		2BAA8D452AB410D5003CCE25 /* Chat.swift in Sources */ = {isa = PBXBuildFile; fileRef = 2BAA8D442AB410D5003CCE25 /* Chat.swift */; };
		2BAA8D472AB419EB003CCE25 /* DistrictButton.swift in Sources */ = {isa = PBXBuildFile; fileRef = 2BAA8D462AB419EB003CCE25 /* DistrictButton.swift */; };
		2BE597EC2AA8CC51002BA604 /* MySQLAppApp.swift in Sources */ = {isa = PBXBuildFile; fileRef = 2BE597EB2AA8CC51002BA604 /* MySQLAppApp.swift */; };
		2BE597EE2AA8CC51002BA604 /* ContentView.swift in Sources */ = {isa = PBXBuildFile; fileRef = 2BE597ED2AA8CC51002BA604 /* ContentView.swift */; };
		2BE597F02AA8CC52002BA604 /* Assets.xcassets in Resources */ = {isa = PBXBuildFile; fileRef = 2BE597EF2AA8CC52002BA604 /* Assets.xcassets */; };
		2BE597F32AA8CC52002BA604 /* Preview Assets.xcassets in Resources */ = {isa = PBXBuildFile; fileRef = 2BE597F22AA8CC52002BA604 /* Preview Assets.xcassets */; };
		2BE597FB2AA8CC6A002BA604 /* LoginView.swift in Sources */ = {isa = PBXBuildFile; fileRef = 2BE597FA2AA8CC6A002BA604 /* LoginView.swift */; };
		2BE598002AA9B9AF002BA604 /* HTTPClient.swift in Sources */ = {isa = PBXBuildFile; fileRef = 2BE597FF2AA9B9AF002BA604 /* HTTPClient.swift */; };
		2BE598022AA9BF88002BA604 /* RegisterationView.swift in Sources */ = {isa = PBXBuildFile; fileRef = 2BE598012AA9BF88002BA604 /* RegisterationView.swift */; };
		2BE598052AA9C184002BA604 /* LoginModel.swift in Sources */ = {isa = PBXBuildFile; fileRef = 2BE598042AA9C184002BA604 /* LoginModel.swift */; };
		2BE598072AA9C287002BA604 /* RegisterResponseDTO.swift in Sources */ = {isa = PBXBuildFile; fileRef = 2BE598062AA9C287002BA604 /* RegisterResponseDTO.swift */; };
		2BE5980A2AA9C2DA002BA604 /* Constants.swift in Sources */ = {isa = PBXBuildFile; fileRef = 2BE598092AA9C2DA002BA604 /* Constants.swift */; };
		2BF5992D2AADC62400EB1E69 /* LoginResponseDTO.swift in Sources */ = {isa = PBXBuildFile; fileRef = 2BF5992C2AADC62400EB1E69 /* LoginResponseDTO.swift */; };
		2BF5992F2AADD0F800EB1E69 /* SettingsView.swift in Sources */ = {isa = PBXBuildFile; fileRef = 2BF5992E2AADD0F800EB1E69 /* SettingsView.swift */; };
		2BF599312AADD11900EB1E69 /* NotificationView.swift in Sources */ = {isa = PBXBuildFile; fileRef = 2BF599302AADD11900EB1E69 /* NotificationView.swift */; };
		2BF599332AADD12800EB1E69 /* AppView.swift in Sources */ = {isa = PBXBuildFile; fileRef = 2BF599322AADD12800EB1E69 /* AppView.swift */; };
		2BF599352AADD2F100EB1E69 /* ChatView.swift in Sources */ = {isa = PBXBuildFile; fileRef = 2BF599342AADD2F100EB1E69 /* ChatView.swift */; };
		2BF5993A2AADD60200EB1E69 /* MessageView.swift in Sources */ = {isa = PBXBuildFile; fileRef = 2BF599392AADD60200EB1E69 /* MessageView.swift */; };
		2BF5993C2AADF08800EB1E69 /* MessageData.swift in Sources */ = {isa = PBXBuildFile; fileRef = 2BF5993B2AADF08800EB1E69 /* MessageData.swift */; };
		2BF5993E2AAEF1BC00EB1E69 /* ChatListView.swift in Sources */ = {isa = PBXBuildFile; fileRef = 2BF5993D2AAEF1BC00EB1E69 /* ChatListView.swift */; };
		2BF599402AAF067500EB1E69 /* MapView.swift in Sources */ = {isa = PBXBuildFile; fileRef = 2BF5993F2AAF067500EB1E69 /* MapView.swift */; };
/* End PBXBuildFile section */

/* Begin PBXFileReference section */
		2B5060292AB7153900E89C7A /* socketClass.swift */ = {isa = PBXFileReference; lastKnownFileType = sourcecode.swift; path = socketClass.swift; sourceTree = "<group>"; };
		2B965B892ABA7AAA00CF09AD /* FriendListView.swift */ = {isa = PBXFileReference; lastKnownFileType = sourcecode.swift; path = FriendListView.swift; sourceTree = "<group>"; };
		2B965B8B2ABA7B3D00CF09AD /* User.swift */ = {isa = PBXFileReference; lastKnownFileType = sourcecode.swift; path = User.swift; sourceTree = "<group>"; };
		2B965B8D2ABAAD8700CF09AD /* FriendModel.swift */ = {isa = PBXFileReference; lastKnownFileType = sourcecode.swift; path = FriendModel.swift; sourceTree = "<group>"; };
		2B965B8F2ABAAEDD00CF09AD /* UserFriend.swift */ = {isa = PBXFileReference; lastKnownFileType = sourcecode.swift; path = UserFriend.swift; sourceTree = "<group>"; };
		2B965B912ABB1C1F00CF09AD /* FriendResponseDTO.swift */ = {isa = PBXFileReference; lastKnownFileType = sourcecode.swift; path = FriendResponseDTO.swift; sourceTree = "<group>"; };
		2B965B932ABB324C00CF09AD /* FriendListMain.swift */ = {isa = PBXFileReference; lastKnownFileType = sourcecode.swift; path = FriendListMain.swift; sourceTree = "<group>"; };
		2B965B972ABC1CA000CF09AD /* ChatModel.swift */ = {isa = PBXFileReference; lastKnownFileType = sourcecode.swift; path = ChatModel.swift; sourceTree = "<group>"; };
		2B965B992ABC212B00CF09AD /* BackButton.swift */ = {isa = PBXFileReference; lastKnownFileType = sourcecode.swift; path = BackButton.swift; sourceTree = "<group>"; };
		2B965B9B2ABC250A00CF09AD /* FreindListChat.swift */ = {isa = PBXFileReference; lastKnownFileType = sourcecode.swift; path = FreindListChat.swift; sourceTree = "<group>"; };
		2BAA8D3E2AB2B255003CCE25 /* InquiryView.swift */ = {isa = PBXFileReference; lastKnownFileType = sourcecode.swift; path = InquiryView.swift; sourceTree = "<group>"; };
		2BAA8D422AB40F7E003CCE25 /* ChatResponseDTO.swift */ = {isa = PBXFileReference; lastKnownFileType = sourcecode.swift; path = ChatResponseDTO.swift; sourceTree = "<group>"; };
		2BAA8D442AB410D5003CCE25 /* Chat.swift */ = {isa = PBXFileReference; lastKnownFileType = sourcecode.swift; path = Chat.swift; sourceTree = "<group>"; };
		2BAA8D462AB419EB003CCE25 /* DistrictButton.swift */ = {isa = PBXFileReference; lastKnownFileType = sourcecode.swift; path = DistrictButton.swift; sourceTree = "<group>"; };
		2BE597E82AA8CC51002BA604 /* MySQLApp.app */ = {isa = PBXFileReference; explicitFileType = wrapper.application; includeInIndex = 0; path = MySQLApp.app; sourceTree = BUILT_PRODUCTS_DIR; };
		2BE597EB2AA8CC51002BA604 /* MySQLAppApp.swift */ = {isa = PBXFileReference; lastKnownFileType = sourcecode.swift; path = MySQLAppApp.swift; sourceTree = "<group>"; };
		2BE597ED2AA8CC51002BA604 /* ContentView.swift */ = {isa = PBXFileReference; lastKnownFileType = sourcecode.swift; path = ContentView.swift; sourceTree = "<group>"; };
		2BE597EF2AA8CC52002BA604 /* Assets.xcassets */ = {isa = PBXFileReference; lastKnownFileType = folder.assetcatalog; path = Assets.xcassets; sourceTree = "<group>"; };
		2BE597F22AA8CC52002BA604 /* Preview Assets.xcassets */ = {isa = PBXFileReference; lastKnownFileType = folder.assetcatalog; path = "Preview Assets.xcassets"; sourceTree = "<group>"; };
		2BE597FA2AA8CC6A002BA604 /* LoginView.swift */ = {isa = PBXFileReference; lastKnownFileType = sourcecode.swift; path = LoginView.swift; sourceTree = "<group>"; };
		2BE597FF2AA9B9AF002BA604 /* HTTPClient.swift */ = {isa = PBXFileReference; lastKnownFileType = sourcecode.swift; path = HTTPClient.swift; sourceTree = "<group>"; };
		2BE598012AA9BF88002BA604 /* RegisterationView.swift */ = {isa = PBXFileReference; lastKnownFileType = sourcecode.swift; path = RegisterationView.swift; sourceTree = "<group>"; };
		2BE598042AA9C184002BA604 /* LoginModel.swift */ = {isa = PBXFileReference; lastKnownFileType = sourcecode.swift; path = LoginModel.swift; sourceTree = "<group>"; };
		2BE598062AA9C287002BA604 /* RegisterResponseDTO.swift */ = {isa = PBXFileReference; lastKnownFileType = sourcecode.swift; path = RegisterResponseDTO.swift; sourceTree = "<group>"; };
		2BE598092AA9C2DA002BA604 /* Constants.swift */ = {isa = PBXFileReference; lastKnownFileType = sourcecode.swift; path = Constants.swift; sourceTree = "<group>"; };
		2BE5980B2AA9D6A2002BA604 /* Info.plist */ = {isa = PBXFileReference; lastKnownFileType = text.plist; path = Info.plist; sourceTree = "<group>"; };
		2BF5992C2AADC62400EB1E69 /* LoginResponseDTO.swift */ = {isa = PBXFileReference; lastKnownFileType = sourcecode.swift; path = LoginResponseDTO.swift; sourceTree = "<group>"; };
		2BF5992E2AADD0F800EB1E69 /* SettingsView.swift */ = {isa = PBXFileReference; lastKnownFileType = sourcecode.swift; path = SettingsView.swift; sourceTree = "<group>"; };
		2BF599302AADD11900EB1E69 /* NotificationView.swift */ = {isa = PBXFileReference; lastKnownFileType = sourcecode.swift; path = NotificationView.swift; sourceTree = "<group>"; };
		2BF599322AADD12800EB1E69 /* AppView.swift */ = {isa = PBXFileReference; lastKnownFileType = sourcecode.swift; path = AppView.swift; sourceTree = "<group>"; };
		2BF599342AADD2F100EB1E69 /* ChatView.swift */ = {isa = PBXFileReference; lastKnownFileType = sourcecode.swift; path = ChatView.swift; sourceTree = "<group>"; };
		2BF599392AADD60200EB1E69 /* MessageView.swift */ = {isa = PBXFileReference; lastKnownFileType = sourcecode.swift; path = MessageView.swift; sourceTree = "<group>"; };
		2BF5993B2AADF08800EB1E69 /* MessageData.swift */ = {isa = PBXFileReference; lastKnownFileType = sourcecode.swift; path = MessageData.swift; sourceTree = "<group>"; };
		2BF5993D2AAEF1BC00EB1E69 /* ChatListView.swift */ = {isa = PBXFileReference; lastKnownFileType = sourcecode.swift; path = ChatListView.swift; sourceTree = "<group>"; };
		2BF5993F2AAF067500EB1E69 /* MapView.swift */ = {isa = PBXFileReference; lastKnownFileType = sourcecode.swift; path = MapView.swift; sourceTree = "<group>"; };
/* End PBXFileReference section */

/* Begin PBXFrameworksBuildPhase section */
		2BE597E52AA8CC51002BA604 /* Frameworks */ = {
			isa = PBXFrameworksBuildPhase;
			buildActionMask = 2147483647;
			files = (
				2B5060282AB7135E00E89C7A /* SocketIO in Frameworks */,
				2B50602D2AB720F200E89C7A /* WebSocketKit in Frameworks */,
			);
			runOnlyForDeploymentPostprocessing = 0;
		};
/* End PBXFrameworksBuildPhase section */

/* Begin PBXGroup section */
		2B965B952ABB32DD00CF09AD /* ChatList */ = {
			isa = PBXGroup;
			children = (
				2BF5993D2AAEF1BC00EB1E69 /* ChatListView.swift */,
			);
			path = ChatList;
			sourceTree = "<group>";
		};
		2B965B962ABB370E00CF09AD /* Friend */ = {
			isa = PBXGroup;
			children = (
				2B965B892ABA7AAA00CF09AD /* FriendListView.swift */,
				2B965B932ABB324C00CF09AD /* FriendListMain.swift */,
				2B965B9B2ABC250A00CF09AD /* FreindListChat.swift */,
			);
			path = Friend;
			sourceTree = "<group>";
		};
		2BAA8D3D2AB2B1D0003CCE25 /* Deprecated */ = {
			isa = PBXGroup;
			children = (
				2BAA8D462AB419EB003CCE25 /* DistrictButton.swift */,
				2BF5993F2AAF067500EB1E69 /* MapView.swift */,
				2BE597ED2AA8CC51002BA604 /* ContentView.swift */,
				2BF5992E2AADD0F800EB1E69 /* SettingsView.swift */,
				2BF599302AADD11900EB1E69 /* NotificationView.swift */,
				2BAA8D3E2AB2B255003CCE25 /* InquiryView.swift */,
			);
			path = Deprecated;
			sourceTree = "<group>";
		};
		2BE597DF2AA8CC51002BA604 = {
			isa = PBXGroup;
			children = (
				2BE597EA2AA8CC51002BA604 /* MySQLApp */,
				2BE597E92AA8CC51002BA604 /* Products */,
			);
			sourceTree = "<group>";
		};
		2BE597E92AA8CC51002BA604 /* Products */ = {
			isa = PBXGroup;
			children = (
				2BE597E82AA8CC51002BA604 /* MySQLApp.app */,
			);
			name = Products;
			sourceTree = "<group>";
		};
		2BE597EA2AA8CC51002BA604 /* MySQLApp */ = {
			isa = PBXGroup;
			children = (
				2BE5980B2AA9D6A2002BA604 /* Info.plist */,
				2BF599382AADD48400EB1E69 /* Data */,
				2BE598082AA9C2CC002BA604 /* Utility */,
				2BE598032AA9C169002BA604 /* Model */,
				2BE597FE2AA9B9A1002BA604 /* Client */,
				2BE597F92AA8CC61002BA604 /* View */,
				2BE597EB2AA8CC51002BA604 /* MySQLAppApp.swift */,
				2BE597EF2AA8CC52002BA604 /* Assets.xcassets */,
				2BE597F12AA8CC52002BA604 /* Preview Content */,
			);
			path = MySQLApp;
			sourceTree = "<group>";
		};
		2BE597F12AA8CC52002BA604 /* Preview Content */ = {
			isa = PBXGroup;
			children = (
				2BE597F22AA8CC52002BA604 /* Preview Assets.xcassets */,
			);
			path = "Preview Content";
			sourceTree = "<group>";
		};
		2BE597F92AA8CC61002BA604 /* View */ = {
			isa = PBXGroup;
			children = (
				2BE597FA2AA8CC6A002BA604 /* LoginView.swift */,
				2BE598012AA9BF88002BA604 /* RegisterationView.swift */,
				2BF599322AADD12800EB1E69 /* AppView.swift */,
				2BAA8D3D2AB2B1D0003CCE25 /* Deprecated */,
				2B965B952ABB32DD00CF09AD /* ChatList */,
				2B965B962ABB370E00CF09AD /* Friend */,
				2BF599342AADD2F100EB1E69 /* ChatView.swift */,
				2BF599392AADD60200EB1E69 /* MessageView.swift */,
				2B965B992ABC212B00CF09AD /* BackButton.swift */,
			);
			path = View;
			sourceTree = "<group>";
		};
		2BE597FE2AA9B9A1002BA604 /* Client */ = {
			isa = PBXGroup;
			children = (
				2BE597FF2AA9B9AF002BA604 /* HTTPClient.swift */,
				2B5060292AB7153900E89C7A /* socketClass.swift */,
			);
			path = Client;
			sourceTree = "<group>";
		};
		2BE598032AA9C169002BA604 /* Model */ = {
			isa = PBXGroup;
			children = (
				2BE598042AA9C184002BA604 /* LoginModel.swift */,
				2B965B972ABC1CA000CF09AD /* ChatModel.swift */,
				2B965B8D2ABAAD8700CF09AD /* FriendModel.swift */,
				2BE598062AA9C287002BA604 /* RegisterResponseDTO.swift */,
				2BAA8D422AB40F7E003CCE25 /* ChatResponseDTO.swift */,
				2BF5992C2AADC62400EB1E69 /* LoginResponseDTO.swift */,
				2B965B912ABB1C1F00CF09AD /* FriendResponseDTO.swift */,
				2BAA8D442AB410D5003CCE25 /* Chat.swift */,
				2B965B8B2ABA7B3D00CF09AD /* User.swift */,
				2B965B8F2ABAAEDD00CF09AD /* UserFriend.swift */,
			);
			path = Model;
			sourceTree = "<group>";
		};
		2BE598082AA9C2CC002BA604 /* Utility */ = {
			isa = PBXGroup;
			children = (
				2BE598092AA9C2DA002BA604 /* Constants.swift */,
			);
			path = Utility;
			sourceTree = "<group>";
		};
		2BF599382AADD48400EB1E69 /* Data */ = {
			isa = PBXGroup;
			children = (
				2BF5993B2AADF08800EB1E69 /* MessageData.swift */,
			);
			path = Data;
			sourceTree = "<group>";
		};
/* End PBXGroup section */

/* Begin PBXNativeTarget section */
		2BE597E72AA8CC51002BA604 /* MySQLApp */ = {
			isa = PBXNativeTarget;
			buildConfigurationList = 2BE597F62AA8CC52002BA604 /* Build configuration list for PBXNativeTarget "MySQLApp" */;
			buildPhases = (
				2BE597E42AA8CC51002BA604 /* Sources */,
				2BE597E52AA8CC51002BA604 /* Frameworks */,
				2BE597E62AA8CC51002BA604 /* Resources */,
			);
			buildRules = (
			);
			dependencies = (
			);
			name = MySQLApp;
			packageProductDependencies = (
				2B5060272AB7135E00E89C7A /* SocketIO */,
				2B50602C2AB720F200E89C7A /* WebSocketKit */,
			);
			productName = MySQLApp;
			productReference = 2BE597E82AA8CC51002BA604 /* MySQLApp.app */;
			productType = "com.apple.product-type.application";
		};
/* End PBXNativeTarget section */

/* Begin PBXProject section */
		2BE597E02AA8CC51002BA604 /* Project object */ = {
			isa = PBXProject;
			attributes = {
				BuildIndependentTargetsInParallel = 1;
				LastSwiftUpdateCheck = 1430;
				LastUpgradeCheck = 1430;
				TargetAttributes = {
					2BE597E72AA8CC51002BA604 = {
						CreatedOnToolsVersion = 14.3.1;
					};
				};
			};
			buildConfigurationList = 2BE597E32AA8CC51002BA604 /* Build configuration list for PBXProject "MySQLApp" */;
			compatibilityVersion = "Xcode 14.0";
			developmentRegion = en;
			hasScannedForEncodings = 0;
			knownRegions = (
				en,
				Base,
			);
			mainGroup = 2BE597DF2AA8CC51002BA604;
			packageReferences = (
				2B5060262AB7135E00E89C7A /* XCRemoteSwiftPackageReference "socket.io-client-swift" */,
				2B50602B2AB720F200E89C7A /* XCRemoteSwiftPackageReference "websocket-kit" */,
			);
			productRefGroup = 2BE597E92AA8CC51002BA604 /* Products */;
			projectDirPath = "";
			projectRoot = "";
			targets = (
				2BE597E72AA8CC51002BA604 /* MySQLApp */,
			);
		};
/* End PBXProject section */

/* Begin PBXResourcesBuildPhase section */
		2BE597E62AA8CC51002BA604 /* Resources */ = {
			isa = PBXResourcesBuildPhase;
			buildActionMask = 2147483647;
			files = (
				2BE597F32AA8CC52002BA604 /* Preview Assets.xcassets in Resources */,
				2BE597F02AA8CC52002BA604 /* Assets.xcassets in Resources */,
			);
			runOnlyForDeploymentPostprocessing = 0;
		};
/* End PBXResourcesBuildPhase section */

/* Begin PBXSourcesBuildPhase section */
		2BE597E42AA8CC51002BA604 /* Sources */ = {
			isa = PBXSourcesBuildPhase;
			buildActionMask = 2147483647;
			files = (
				2B965B922ABB1C1F00CF09AD /* FriendResponseDTO.swift in Sources */,
				2BAA8D472AB419EB003CCE25 /* DistrictButton.swift in Sources */,
				2BF5993E2AAEF1BC00EB1E69 /* ChatListView.swift in Sources */,
				2B965B942ABB324C00CF09AD /* FriendListMain.swift in Sources */,
				2BE597FB2AA8CC6A002BA604 /* LoginView.swift in Sources */,
				2BE598002AA9B9AF002BA604 /* HTTPClient.swift in Sources */,
				2BE598022AA9BF88002BA604 /* RegisterationView.swift in Sources */,
				2BE597EE2AA8CC51002BA604 /* ContentView.swift in Sources */,
				2BF599312AADD11900EB1E69 /* NotificationView.swift in Sources */,
				2BE597EC2AA8CC51002BA604 /* MySQLAppApp.swift in Sources */,
				2BF599402AAF067500EB1E69 /* MapView.swift in Sources */,
				2BF599352AADD2F100EB1E69 /* ChatView.swift in Sources */,
				2BAA8D432AB40F7E003CCE25 /* ChatResponseDTO.swift in Sources */,
				2B965B902ABAAEDD00CF09AD /* UserFriend.swift in Sources */,
				2B965B9A2ABC212B00CF09AD /* BackButton.swift in Sources */,
				2BF5992F2AADD0F800EB1E69 /* SettingsView.swift in Sources */,
				2BF5992D2AADC62400EB1E69 /* LoginResponseDTO.swift in Sources */,
				2BF5993A2AADD60200EB1E69 /* MessageView.swift in Sources */,
				2BAA8D3F2AB2B255003CCE25 /* InquiryView.swift in Sources */,
				2B965B8E2ABAAD8700CF09AD /* FriendModel.swift in Sources */,
				2BF5993C2AADF08800EB1E69 /* MessageData.swift in Sources */,
				2B965B8A2ABA7AAA00CF09AD /* FriendListView.swift in Sources */,
				2B965B982ABC1CA000CF09AD /* ChatModel.swift in Sources */,
				2BF599332AADD12800EB1E69 /* AppView.swift in Sources */,
				2BAA8D452AB410D5003CCE25 /* Chat.swift in Sources */,
				2B50602A2AB7153900E89C7A /* socketClass.swift in Sources */,
				2B965B8C2ABA7B3D00CF09AD /* User.swift in Sources */,
				2B965B9C2ABC250A00CF09AD /* FreindListChat.swift in Sources */,
				2BE598052AA9C184002BA604 /* LoginModel.swift in Sources */,
				2BE598072AA9C287002BA604 /* RegisterResponseDTO.swift in Sources */,
				2BE5980A2AA9C2DA002BA604 /* Constants.swift in Sources */,
			);
			runOnlyForDeploymentPostprocessing = 0;
		};
/* End PBXSourcesBuildPhase section */

/* Begin XCBuildConfiguration section */
		2BE597F42AA8CC52002BA604 /* Debug */ = {
			isa = XCBuildConfiguration;
			buildSettings = {
				ALWAYS_SEARCH_USER_PATHS = NO;
				CLANG_ANALYZER_NONNULL = YES;
				CLANG_ANALYZER_NUMBER_OBJECT_CONVERSION = YES_AGGRESSIVE;
				CLANG_CXX_LANGUAGE_STANDARD = "gnu++20";
				CLANG_ENABLE_MODULES = YES;
				CLANG_ENABLE_OBJC_ARC = YES;
				CLANG_ENABLE_OBJC_WEAK = YES;
				CLANG_WARN_BLOCK_CAPTURE_AUTORELEASING = YES;
				CLANG_WARN_BOOL_CONVERSION = YES;
				CLANG_WARN_COMMA = YES;
				CLANG_WARN_CONSTANT_CONVERSION = YES;
				CLANG_WARN_DEPRECATED_OBJC_IMPLEMENTATIONS = YES;
				CLANG_WARN_DIRECT_OBJC_ISA_USAGE = YES_ERROR;
				CLANG_WARN_DOCUMENTATION_COMMENTS = YES;
				CLANG_WARN_EMPTY_BODY = YES;
				CLANG_WARN_ENUM_CONVERSION = YES;
				CLANG_WARN_INFINITE_RECURSION = YES;
				CLANG_WARN_INT_CONVERSION = YES;
				CLANG_WARN_NON_LITERAL_NULL_CONVERSION = YES;
				CLANG_WARN_OBJC_IMPLICIT_RETAIN_SELF = YES;
				CLANG_WARN_OBJC_LITERAL_CONVERSION = YES;
				CLANG_WARN_OBJC_ROOT_CLASS = YES_ERROR;
				CLANG_WARN_QUOTED_INCLUDE_IN_FRAMEWORK_HEADER = YES;
				CLANG_WARN_RANGE_LOOP_ANALYSIS = YES;
				CLANG_WARN_STRICT_PROTOTYPES = YES;
				CLANG_WARN_SUSPICIOUS_MOVE = YES;
				CLANG_WARN_UNGUARDED_AVAILABILITY = YES_AGGRESSIVE;
				CLANG_WARN_UNREACHABLE_CODE = YES;
				CLANG_WARN__DUPLICATE_METHOD_MATCH = YES;
				COPY_PHASE_STRIP = NO;
				DEBUG_INFORMATION_FORMAT = dwarf;
				ENABLE_STRICT_OBJC_MSGSEND = YES;
				ENABLE_TESTABILITY = YES;
				GCC_C_LANGUAGE_STANDARD = gnu11;
				GCC_DYNAMIC_NO_PIC = NO;
				GCC_NO_COMMON_BLOCKS = YES;
				GCC_OPTIMIZATION_LEVEL = 0;
				GCC_PREPROCESSOR_DEFINITIONS = (
					"DEBUG=1",
					"$(inherited)",
				);
				GCC_WARN_64_TO_32_BIT_CONVERSION = YES;
				GCC_WARN_ABOUT_RETURN_TYPE = YES_ERROR;
				GCC_WARN_UNDECLARED_SELECTOR = YES;
				GCC_WARN_UNINITIALIZED_AUTOS = YES_AGGRESSIVE;
				GCC_WARN_UNUSED_FUNCTION = YES;
				GCC_WARN_UNUSED_VARIABLE = YES;
				IPHONEOS_DEPLOYMENT_TARGET = 16.4;
				MTL_ENABLE_DEBUG_INFO = INCLUDE_SOURCE;
				MTL_FAST_MATH = YES;
				ONLY_ACTIVE_ARCH = YES;
				SDKROOT = iphoneos;
				SWIFT_ACTIVE_COMPILATION_CONDITIONS = DEBUG;
				SWIFT_OPTIMIZATION_LEVEL = "-Onone";
			};
			name = Debug;
		};
		2BE597F52AA8CC52002BA604 /* Release */ = {
			isa = XCBuildConfiguration;
			buildSettings = {
				ALWAYS_SEARCH_USER_PATHS = NO;
				CLANG_ANALYZER_NONNULL = YES;
				CLANG_ANALYZER_NUMBER_OBJECT_CONVERSION = YES_AGGRESSIVE;
				CLANG_CXX_LANGUAGE_STANDARD = "gnu++20";
				CLANG_ENABLE_MODULES = YES;
				CLANG_ENABLE_OBJC_ARC = YES;
				CLANG_ENABLE_OBJC_WEAK = YES;
				CLANG_WARN_BLOCK_CAPTURE_AUTORELEASING = YES;
				CLANG_WARN_BOOL_CONVERSION = YES;
				CLANG_WARN_COMMA = YES;
				CLANG_WARN_CONSTANT_CONVERSION = YES;
				CLANG_WARN_DEPRECATED_OBJC_IMPLEMENTATIONS = YES;
				CLANG_WARN_DIRECT_OBJC_ISA_USAGE = YES_ERROR;
				CLANG_WARN_DOCUMENTATION_COMMENTS = YES;
				CLANG_WARN_EMPTY_BODY = YES;
				CLANG_WARN_ENUM_CONVERSION = YES;
				CLANG_WARN_INFINITE_RECURSION = YES;
				CLANG_WARN_INT_CONVERSION = YES;
				CLANG_WARN_NON_LITERAL_NULL_CONVERSION = YES;
				CLANG_WARN_OBJC_IMPLICIT_RETAIN_SELF = YES;
				CLANG_WARN_OBJC_LITERAL_CONVERSION = YES;
				CLANG_WARN_OBJC_ROOT_CLASS = YES_ERROR;
				CLANG_WARN_QUOTED_INCLUDE_IN_FRAMEWORK_HEADER = YES;
				CLANG_WARN_RANGE_LOOP_ANALYSIS = YES;
				CLANG_WARN_STRICT_PROTOTYPES = YES;
				CLANG_WARN_SUSPICIOUS_MOVE = YES;
				CLANG_WARN_UNGUARDED_AVAILABILITY = YES_AGGRESSIVE;
				CLANG_WARN_UNREACHABLE_CODE = YES;
				CLANG_WARN__DUPLICATE_METHOD_MATCH = YES;
				COPY_PHASE_STRIP = NO;
				DEBUG_INFORMATION_FORMAT = "dwarf-with-dsym";
				ENABLE_NS_ASSERTIONS = NO;
				ENABLE_STRICT_OBJC_MSGSEND = YES;
				GCC_C_LANGUAGE_STANDARD = gnu11;
				GCC_NO_COMMON_BLOCKS = YES;
				GCC_WARN_64_TO_32_BIT_CONVERSION = YES;
				GCC_WARN_ABOUT_RETURN_TYPE = YES_ERROR;
				GCC_WARN_UNDECLARED_SELECTOR = YES;
				GCC_WARN_UNINITIALIZED_AUTOS = YES_AGGRESSIVE;
				GCC_WARN_UNUSED_FUNCTION = YES;
				GCC_WARN_UNUSED_VARIABLE = YES;
				IPHONEOS_DEPLOYMENT_TARGET = 16.4;
				MTL_ENABLE_DEBUG_INFO = NO;
				MTL_FAST_MATH = YES;
				SDKROOT = iphoneos;
				SWIFT_COMPILATION_MODE = wholemodule;
				SWIFT_OPTIMIZATION_LEVEL = "-O";
				VALIDATE_PRODUCT = YES;
			};
			name = Release;
		};
		2BE597F72AA8CC52002BA604 /* Debug */ = {
			isa = XCBuildConfiguration;
			buildSettings = {
				ASSETCATALOG_COMPILER_APPICON_NAME = AppIcon;
				ASSETCATALOG_COMPILER_GLOBAL_ACCENT_COLOR_NAME = AccentColor;
				CODE_SIGN_STYLE = Automatic;
				CURRENT_PROJECT_VERSION = 1;
				DEVELOPMENT_ASSET_PATHS = "\"MySQLApp/Preview Content\"";
				DEVELOPMENT_TEAM = 8HM2XMG9QM;
				ENABLE_PREVIEWS = YES;
				GENERATE_INFOPLIST_FILE = YES;
				INFOPLIST_FILE = MySQLApp/Info.plist;
				INFOPLIST_KEY_CFBundleDisplayName = "";
				INFOPLIST_KEY_LSApplicationCategoryType = "";
				INFOPLIST_KEY_UIApplicationSceneManifest_Generation = YES;
				INFOPLIST_KEY_UIApplicationSupportsIndirectInputEvents = YES;
				INFOPLIST_KEY_UILaunchScreen_Generation = YES;
				INFOPLIST_KEY_UISupportedInterfaceOrientations = UIInterfaceOrientationPortrait;
				INFOPLIST_KEY_UISupportedInterfaceOrientations_iPad = "UIInterfaceOrientationLandscapeLeft UIInterfaceOrientationLandscapeRight UIInterfaceOrientationPortrait UIInterfaceOrientationPortraitUpsideDown";
				LD_RUNPATH_SEARCH_PATHS = (
					"$(inherited)",
					"@executable_path/Frameworks",
				);
				MARKETING_VERSION = 1.0;
				PRODUCT_BUNDLE_IDENTIFIER = com.taewonyoon.MySQLApp;
				PRODUCT_NAME = "$(TARGET_NAME)";
				SWIFT_EMIT_LOC_STRINGS = YES;
				SWIFT_VERSION = 5.0;
				TARGETED_DEVICE_FAMILY = "1,2";
			};
			name = Debug;
		};
		2BE597F82AA8CC52002BA604 /* Release */ = {
			isa = XCBuildConfiguration;
			buildSettings = {
				ASSETCATALOG_COMPILER_APPICON_NAME = AppIcon;
				ASSETCATALOG_COMPILER_GLOBAL_ACCENT_COLOR_NAME = AccentColor;
				CODE_SIGN_STYLE = Automatic;
				CURRENT_PROJECT_VERSION = 1;
				DEVELOPMENT_ASSET_PATHS = "\"MySQLApp/Preview Content\"";
				DEVELOPMENT_TEAM = 8HM2XMG9QM;
				ENABLE_PREVIEWS = YES;
				GENERATE_INFOPLIST_FILE = YES;
				INFOPLIST_FILE = MySQLApp/Info.plist;
				INFOPLIST_KEY_CFBundleDisplayName = "";
				INFOPLIST_KEY_LSApplicationCategoryType = "";
				INFOPLIST_KEY_UIApplicationSceneManifest_Generation = YES;
				INFOPLIST_KEY_UIApplicationSupportsIndirectInputEvents = YES;
				INFOPLIST_KEY_UILaunchScreen_Generation = YES;
				INFOPLIST_KEY_UISupportedInterfaceOrientations = UIInterfaceOrientationPortrait;
				INFOPLIST_KEY_UISupportedInterfaceOrientations_iPad = "UIInterfaceOrientationLandscapeLeft UIInterfaceOrientationLandscapeRight UIInterfaceOrientationPortrait UIInterfaceOrientationPortraitUpsideDown";
				LD_RUNPATH_SEARCH_PATHS = (
					"$(inherited)",
					"@executable_path/Frameworks",
				);
				MARKETING_VERSION = 1.0;
				PRODUCT_BUNDLE_IDENTIFIER = com.taewonyoon.MySQLApp;
				PRODUCT_NAME = "$(TARGET_NAME)";
				SWIFT_EMIT_LOC_STRINGS = YES;
				SWIFT_VERSION = 5.0;
				TARGETED_DEVICE_FAMILY = "1,2";
			};
			name = Release;
		};
/* End XCBuildConfiguration section */

/* Begin XCConfigurationList section */
		2BE597E32AA8CC51002BA604 /* Build configuration list for PBXProject "MySQLApp" */ = {
			isa = XCConfigurationList;
			buildConfigurations = (
				2BE597F42AA8CC52002BA604 /* Debug */,
				2BE597F52AA8CC52002BA604 /* Release */,
			);
			defaultConfigurationIsVisible = 0;
			defaultConfigurationName = Release;
		};
		2BE597F62AA8CC52002BA604 /* Build configuration list for PBXNativeTarget "MySQLApp" */ = {
			isa = XCConfigurationList;
			buildConfigurations = (
				2BE597F72AA8CC52002BA604 /* Debug */,
				2BE597F82AA8CC52002BA604 /* Release */,
			);
			defaultConfigurationIsVisible = 0;
			defaultConfigurationName = Release;
		};
/* End XCConfigurationList section */

/* Begin XCRemoteSwiftPackageReference section */
		2B5060262AB7135E00E89C7A /* XCRemoteSwiftPackageReference "socket.io-client-swift" */ = {
			isa = XCRemoteSwiftPackageReference;
			repositoryURL = "https://github.com/socketio/socket.io-client-swift.git";
			requirement = {
				branch = master;
				kind = branch;
			};
		};
		2B50602B2AB720F200E89C7A /* XCRemoteSwiftPackageReference "websocket-kit" */ = {
			isa = XCRemoteSwiftPackageReference;
			repositoryURL = "https://github.com/vapor/websocket-kit.git";
			requirement = {
				kind = upToNextMajorVersion;
				minimumVersion = 2.0.0;
			};
		};
/* End XCRemoteSwiftPackageReference section */

/* Begin XCSwiftPackageProductDependency section */
		2B5060272AB7135E00E89C7A /* SocketIO */ = {
			isa = XCSwiftPackageProductDependency;
			package = 2B5060262AB7135E00E89C7A /* XCRemoteSwiftPackageReference "socket.io-client-swift" */;
			productName = SocketIO;
		};
		2B50602C2AB720F200E89C7A /* WebSocketKit */ = {
			isa = XCSwiftPackageProductDependency;
			package = 2B50602B2AB720F200E89C7A /* XCRemoteSwiftPackageReference "websocket-kit" */;
			productName = WebSocketKit;
		};
/* End XCSwiftPackageProductDependency section */
	};
	rootObject = 2BE597E02AA8CC51002BA604 /* Project object */;
}
